{
  "name": "jquery-sortablejs",
  "version": "0.1.0",
  "lockfileVersion": 1,
  "requires": true,
  "dependencies": {
    "sortablejs": {
      "version": "1.6.1",
      "resolved": "https://registry.npmjs.org/sortablejs/-/sortablejs-1.6.1.tgz",
      "integrity": "sha1-0SDRA/u59gx9sngUoThAcubG4IM=",
      "dev": true
    }
  }
}
